
Microsoft Visual Studio Solution File, Format Version 12.00
# Visual Studio 2012
Project("{FAE04EC0-301F-11D3-BF4B-00C04F79EFBC}") = "catalogo2018consola", "catalogo2018consola\catalogo2018consola.csproj", "{96464F62-390A-4C90-B8D9-690577A9FCD1}"
EndProject
Global
	GlobalSection(SolutionConfigurationPlatforms) = preSolution
		Debug|Any CPU = Debug|Any CPU
		Release|Any CPU = Release|Any CPU
	EndGlobalSection
	GlobalSection(ProjectConfigurationPlatforms) = postSolution
		{96464F62-390A-4C90-B8D9-690577A9FCD1}.Debug|Any CPU.ActiveCfg = Debug|Any CPU
		{96464F62-390A-4C90-B8D9-690577A9FCD1}.Debug|Any CPU.Build.0 = Debug|Any CPU
		{96464F62-390A-4C90-B8D9-690577A9FCD1}.Release|Any CPU.ActiveCfg = Release|Any CPU
		{96464F62-390A-4C90-B8D9-690577A9FCD1}.Release|Any CPU.Build.0 = Release|Any CPU
	EndGlobalSection
	GlobalSection(SolutionProperties) = preSolution
		HideSolutionNode = FALSE
	EndGlobalSection
EndGlobal
